
Microsoft Visual Studio Solution File, Format Version 12.00
# Visual Studio Version 17
VisualStudioVersion = 17.4.33205.214
MinimumVisualStudioVersion = 10.0.40219.1
Project("{9A19103F-16F7-4668-BE54-9A1E7A4F7556}") = "Ticketing.Domain", "Ticketing.Domain\Ticketing.Domain.csproj", "{A0B816EB-EB08-4A38-B09F-27F5F5FF0D7D}"
EndProject
Project("{FAE04EC0-301F-11D3-BF4B-00C04F79EFBC}") = "Ticketing.Application.Contracts", "Ticketing.Application.Contracts\Ticketing.Application.Contracts.csproj", "{C9A884A0-56BC-4DBE-927A-949104A65703}"
EndProject
Global
	GlobalSection(SolutionConfigurationPlatforms) = preSolution
		Debug|Any CPU = Debug|Any CPU
		Release|Any CPU = Release|Any CPU
	EndGlobalSection
	GlobalSection(ProjectConfigurationPlatforms) = postSolution
		{A0B816EB-EB08-4A38-B09F-27F5F5FF0D7D}.Debug|Any CPU.ActiveCfg = Debug|Any CPU
		{A0B816EB-EB08-4A38-B09F-27F5F5FF0D7D}.Debug|Any CPU.Build.0 = Debug|Any CPU
		{A0B816EB-EB08-4A38-B09F-27F5F5FF0D7D}.Release|Any CPU.ActiveCfg = Release|Any CPU
		{A0B816EB-EB08-4A38-B09F-27F5F5FF0D7D}.Release|Any CPU.Build.0 = Release|Any CPU
		{C9A884A0-56BC-4DBE-927A-949104A65703}.Debug|Any CPU.ActiveCfg = Debug|Any CPU
		{C9A884A0-56BC-4DBE-927A-949104A65703}.Debug|Any CPU.Build.0 = Debug|Any CPU
		{C9A884A0-56BC-4DBE-927A-949104A65703}.Release|Any CPU.ActiveCfg = Release|Any CPU
		{C9A884A0-56BC-4DBE-927A-949104A65703}.Release|Any CPU.Build.0 = Release|Any CPU
	EndGlobalSection
	GlobalSection(SolutionProperties) = preSolution
		HideSolutionNode = FALSE
	EndGlobalSection
	GlobalSection(ExtensibilityGlobals) = postSolution
		SolutionGuid = {CE6ACF49-8149-4246-93F4-9324ECB30BED}
	EndGlobalSection
EndGlobal
